
Microsoft Visual Studio Solution File, Format Version 12.00
# Visual Studio 15
Project("{FAE04EC0-301F-11D3-BF4B-00C04F79EFBC}") = "2", "2\2.csproj", "{386643E8-DE1D-4816-8DCA-AB7229515408}"
EndProject
Global
	GlobalSection(SolutionConfigurationPlatforms) = preSolution
		Debug|Any CPU = Debug|Any CPU
		Release|Any CPU = Release|Any CPU
	EndGlobalSection
	GlobalSection(ProjectConfigurationPlatforms) = postSolution
		{386643E8-DE1D-4816-8DCA-AB7229515408}.Debug|Any CPU.ActiveCfg = Debug|Any CPU
		{386643E8-DE1D-4816-8DCA-AB7229515408}.Debug|Any CPU.Build.0 = Debug|Any CPU
		{386643E8-DE1D-4816-8DCA-AB7229515408}.Release|Any CPU.ActiveCfg = Release|Any CPU
		{386643E8-DE1D-4816-8DCA-AB7229515408}.Release|Any CPU.Build.0 = Release|Any CPU
	EndGlobalSection
EndGlobal
